{
  "name": "dsh-llm-opencode",
  "version": "0.1.0",
  "lockfileVersion": 3,
  "requires": true,
  "packages": {
    "": {
      "name": "dsh-llm-opencode",
      "version": "0.1.0",
      "license": "MIT",
      "dependencies": {
        "@deepseek-ai/dsh-anonymous-user-id": "latest",
        "@deepseek-ai/dsh-credentials": "latest",
        "@deepseek-ai/dsh-llm": "latest",
        "@deepseek-ai/dsh-settings": "latest",
        "@deepseek-ai/dsh-timeout": "latest",
        "@deepseek-ai/schemastery": "^3.18.1",
        "eventsource-parser": "^3.0.0"
      },
      "peerDependencies": {
        "@deepseek-ai/cordis": "^4.0.1"
      }
    },
    "node_modules/@deepseek-ai/cordis": {
      "version": "4.0.1",
      "resolved": "https://registry.npmmirror.com/@deepseek-ai/cordis/-/cordis-4.0.1.tgz",
      "integrity": "sha512-YBdskTU2Po1kru3GgcUWUbkTsPMA9LkSQDAY8rBkFJeajdgcQad3QPJZE26JyK99Xb6HaASvoXg2DSUTeN/0Nw==",
      "license": "MIT",
      "peer": true,
      "dependencies": {
        "@deepseek-ai/cosmokit": "^1.8.2",
        "@standard-schema/spec": "^1.1.0"
      },
      "bin": {
        "cordis": "bin.js"
      },
      "peerDependencies": {
        "@deepseek-ai/cordis-plugin-include": "^1.0.6",
        "@deepseek-ai/cordis-plugin-loader": "^1.0.2"
      },
      "peerDependenciesMeta": {
        "@deepseek-ai/cordis-plugin-include": {
          "optional": true
        },
        "@deepseek-ai/cordis-plugin-loader": {
          "optional": true
        }
      }
    },
    "node_modules/@deepseek-ai/cosmokit": {
      "version": "1.8.2",
      "resolved": "https://registry.npmmirror.com/@deepseek-ai/cosmokit/-/cosmokit-1.8.2.tgz",
      "integrity": "sha512-muBOKtSrUKU5m/xpq8ZXWL6hQ/jgd4PhU2PqH97bcxIiLEJfNwZOGQEx4t/aS/GgxRAR+ra9pMHPMtTHU4sqqA==",
      "license": "MIT"
    },
    "node_modules/@deepseek-ai/dsh-anonymous-user-id": {
      "version": "0.0.1-rc.5",
      "resolved": "https://registry.npmmirror.com/@deepseek-ai/dsh-anonymous-user-id/-/dsh-anonymous-user-id-0.0.1-rc.5.tgz",
      "integrity": "sha512-L9ridYWqwopIGpoyi4IccPPPyCQcNE3NL8Ia8fgxXO3XDci1xpVCxf4XRuND4ExP/5ASQ0YTmMi7bgXOOrUiRA==",
      "license": "BSD-3-Clause",
      "peerDependencies": {
        "@deepseek-ai/cordis": "^4.0.1-rc.4",
        "@deepseek-ai/dsh-brand": "^0.0.1-rc.5",
        "@deepseek-ai/dsh-home-paths": "^0.0.1-rc.5",
        "@deepseek-ai/dsh-invariants": "^0.0.1-rc.5"
      }
    },
    "node_modules/@deepseek-ai/dsh-attachment": {
      "version": "0.0.1-rc.1",
      "resolved": "https://registry.npmmirror.com/@deepseek-ai/dsh-attachment/-/dsh-attachment-0.0.1-rc.1.tgz",
      "integrity": "sha512-zBBw6h+YKOf7U8uEZezbFUjLsA8VU1GfCIUonAZHG2hWDWhWbrGaoO9fL8KyncEDSWMLMoIoGo+ZxDEPVJZYOA==",
      "license": "BSD-3-Clause",
      "peer": true,
      "peerDependencies": {
        "@deepseek-ai/cordis": "^4.0.1-rc.1",
        "@deepseek-ai/dsh-brand": "^0.0.1-rc.1",
        "@deepseek-ai/dsh-invariants": "^0.0.1-rc.1"
      }
    },
    "node_modules/@deepseek-ai/dsh-brand": {
      "version": "0.0.1-rc.5",
      "resolved": "https://registry.npmmirror.com/@deepseek-ai/dsh-brand/-/dsh-brand-0.0.1-rc.5.tgz",
      "integrity": "sha512-aVHMvG5hYLYIXUsvf9mfi0Fvr8w3oU6y1qbhiOiWUVSQu2pKkFgiKJGPIHhMLoj0q4IkewNvsVFQeECdsLLXYg==",
      "license": "BSD-3-Clause",
      "peer": true,
      "peerDependencies": {
        "@deepseek-ai/cordis": "^4.0.1-rc.4",
        "@deepseek-ai/dsh-invariants": "^0.0.1-rc.5"
      }
    },
    "node_modules/@deepseek-ai/dsh-credentials": {
      "version": "0.0.1-rc.1",
      "resolved": "https://registry.npmmirror.com/@deepseek-ai/dsh-credentials/-/dsh-credentials-0.0.1-rc.1.tgz",
      "integrity": "sha512-9y+lWKn2+NubLCpC/lsz9BiYDZHZcWMoYE3cAHJqnlVw0SygUh9D7I81DGqlV9LqY7Z0Y/gxsZcR7sfEMCw4Wg==",
      "license": "BSD-3-Clause",
      "peerDependencies": {
        "@deepseek-ai/cordis": "^4.0.1-rc.1",
        "@deepseek-ai/dsh-brand": "^0.0.1-rc.1",
        "@deepseek-ai/dsh-invariants": "^0.0.1-rc.1"
      }
    },
    "node_modules/@deepseek-ai/dsh-home-paths": {
      "version": "0.0.1-rc.5",
      "resolved": "https://registry.npmmirror.com/@deepseek-ai/dsh-home-paths/-/dsh-home-paths-0.0.1-rc.5.tgz",
      "integrity": "sha512-fjExfDrhPL17rnBhBTCLOmS7p+pHWGAvMDMiaUng0cMtwlTg/sjT1rVD9QXzGXqKO4qovckbPlWB7xz5xjJqOA==",
      "license": "BSD-3-Clause",
      "peer": true,
      "peerDependencies": {
        "@deepseek-ai/cordis": "^4.0.1-rc.4",
        "@deepseek-ai/dsh-invariants": "^0.0.1-rc.5"
      }
    },
    "node_modules/@deepseek-ai/dsh-invariants": {
      "version": "0.0.1-rc.5",
      "resolved": "https://registry.npmmirror.com/@deepseek-ai/dsh-invariants/-/dsh-invariants-0.0.1-rc.5.tgz",
      "integrity": "sha512-63LTrIMPAeJowv5E9Sr87w1SPs1Ign2/ofr+LPdrgAi4Pi32YFK9o4vSVv7osRHAIzlwxRCoFksythq+Jire3w==",
      "license": "BSD-3-Clause",
      "peer": true,
      "dependencies": {
        "@deepseek-ai/schemastery": "^3.18.1-rc.4"
      },
      "peerDependencies": {
        "@deepseek-ai/cordis": "^4.0.1-rc.4"
      }
    },
    "node_modules/@deepseek-ai/dsh-llm": {
      "version": "0.0.1-rc.1",
      "resolved": "https://registry.npmmirror.com/@deepseek-ai/dsh-llm/-/dsh-llm-0.0.1-rc.1.tgz",
      "integrity": "sha512-mRJj07IQNfRReGrhpMpL8AONiYKqfwzxvepg/ut9Wkj8oH2BuoftPS4cMnnXFFCUlYql04/sezwDLriYks/bmw==",
      "license": "BSD-3-Clause",
      "dependencies": {
        "@deepseek-ai/schemastery": "^3.18.1-rc.1"
      },
      "peerDependencies": {
        "@deepseek-ai/cordis": "^4.0.1-rc.1",
        "@deepseek-ai/dsh-attachment": "^0.0.1-rc.1",
        "@deepseek-ai/dsh-brand": "^0.0.1-rc.1",
        "@deepseek-ai/dsh-invariants": "^0.0.1-rc.1",
        "@deepseek-ai/dsh-timeout": "^0.0.1-rc.1"
      }
    },
    "node_modules/@deepseek-ai/dsh-settings": {
      "version": "0.0.1-rc.1",
      "resolved": "https://registry.npmmirror.com/@deepseek-ai/dsh-settings/-/dsh-settings-0.0.1-rc.1.tgz",
      "integrity": "sha512-d9emtO/X85topSqK3ZLaRtA0Sktbdg0DlObvQ9aKeEIzc6lsFgSulMxE68qGRSIGN7fDU8YNlXu4M7vKqmwisg==",
      "license": "BSD-3-Clause",
      "peerDependencies": {
        "@deepseek-ai/cordis": "^4.0.1-rc.1",
        "@deepseek-ai/dsh-brand": "^0.0.1-rc.1",
        "@deepseek-ai/dsh-invariants": "^0.0.1-rc.1",
        "@deepseek-ai/schemastery": "^3.18.1-rc.1"
      }
    },
    "node_modules/@deepseek-ai/dsh-timeout": {
      "version": "0.0.1-rc.1",
      "resolved": "https://registry.npmmirror.com/@deepseek-ai/dsh-timeout/-/dsh-timeout-0.0.1-rc.1.tgz",
      "integrity": "sha512-lIMhY/JqA+eLpXXUN33xA7mlAYeHTDTWfcJ3CmEtplvGnvpDAHQ6oPeFs9JtWcfKbuNDZFMNutyhD0qoRkFQeg==",
      "license": "BSD-3-Clause",
      "peerDependencies": {
        "@deepseek-ai/cordis": "^4.0.1-rc.1",
        "@deepseek-ai/dsh-invariants": "^0.0.1-rc.1"
      }
    },
    "node_modules/@deepseek-ai/schemastery": {
      "version": "3.18.1",
      "resolved": "https://registry.npmmirror.com/@deepseek-ai/schemastery/-/schemastery-3.18.1.tgz",
      "integrity": "sha512-Qn0FCSwCQnpnj6SB31I6i2sIKgKWnkbJM8O0EU91Gv2UsYVvtZTl6IA0sCwk2e2MZf5S8w5hpq9QkeVvK9qwxg==",
      "license": "MIT",
      "dependencies": {
        "@deepseek-ai/cosmokit": "^1.8.2",
        "@standard-schema/spec": "^1.1.0"
      }
    },
    "node_modules/@standard-schema/spec": {
      "version": "1.1.0",
      "resolved": "https://registry.npmmirror.com/@standard-schema/spec/-/spec-1.1.0.tgz",
      "integrity": "sha512-l2aFy5jALhniG5HgqrD6jXLi/rUWrKvqN/qJx6yoJsgKhblVd+iqqU4RCXavm/jPityDo5TCvKMnpjKnOriy0w==",
      "license": "MIT"
    },
    "node_modules/eventsource-parser": {
      "version": "3.1.1",
      "resolved": "https://registry.npmmirror.com/eventsource-parser/-/eventsource-parser-3.1.1.tgz",
      "integrity": "sha512-EKN1vKAMcZ8MlYMpaNuxN6R9yakzH6uajHcHVTqWJzvu5pWw9DyhbP35HH8MVBQ+dZjAfDxk+A8NiR9KWaXiyQ==",
      "license": "MIT",
      "engines": {
        "node": ">=18.0.0"
      }
    }
  }
}
